// !$*UTF8*$!
{
	archiveVersion = 1;
	classes = {
	};
	objectVersion = 50;
	objects = {

/* Begin PBXBuildFile section */
		CCF7C00B20F59B1F00E71431 /* AppDelegate.swift in Sources */ = {isa = PBXBuildFile; fileRef = CCF7C00A20F59B1F00E71431 /* AppDelegate.swift */; };
		CCF7C00D20F59B1F00E71431 /* TodoListViewController.swift in Sources */ = {isa = PBXBuildFile; fileRef = CCF7C00C20F59B1F00E71431 /* TodoListViewController.swift */; };
		CCF7C01020F59B1F00E71431 /* Main.storyboard in Resources */ = {isa = PBXBuildFile; fileRef = CCF7C00E20F59B1F00E71431 /* Main.storyboard */; };
		CCF7C01220F59B2000E71431 /* Assets.xcassets in Resources */ = {isa = PBXBuildFile; fileRef = CCF7C01120F59B2000E71431 /* Assets.xcassets */; };
		CCF7C01520F59B2000E71431 /* LaunchScreen.storyboard in Resources */ = {isa = PBXBuildFile; fileRef = CCF7C01320F59B2000E71431 /* LaunchScreen.storyboard */; };
		CCF7C01D20F744F900E71431 /* Item.swift in Sources */ = {isa = PBXBuildFile; fileRef = CCF7C01C20F744F900E71431 /* Item.swift */; };
		CCF7C02420F756F700E71431 /* DataModel.xcdatamodeld in Sources */ = {isa = PBXBuildFile; fileRef = CCF7C02220F756F700E71431 /* DataModel.xcdatamodeld */; };
		CCF7C04720F7781700E71431 /* CategoryViewController.swift in Sources */ = {isa = PBXBuildFile; fileRef = CCF7C04620F7781700E71431 /* CategoryViewController.swift */; };
/* End PBXBuildFile section */

/* Begin PBXFileReference section */
		CCF7C00720F59B1F00E71431 /* Todoey.app */ = {isa = PBXFileReference; explicitFileType = wrapper.application; includeInIndex = 0; path = Todoey.app; sourceTree = BUILT_PRODUCTS_DIR; };
		CCF7C00A20F59B1F00E71431 /* AppDelegate.swift */ = {isa = PBXFileReference; lastKnownFileType = sourcecode.swift; path = AppDelegate.swift; sourceTree = "<group>"; };
		CCF7C00C20F59B1F00E71431 /* TodoListViewController.swift */ = {isa = PBXFileReference; lastKnownFileType = sourcecode.swift; path = TodoListViewController.swift; sourceTree = "<group>"; };
		CCF7C00F20F59B1F00E71431 /* Base */ = {isa = PBXFileReference; lastKnownFileType = file.storyboard; name = Base; path = Base.lproj/Main.storyboard; sourceTree = "<group>"; };
		CCF7C01120F59B2000E71431 /* Assets.xcassets */ = {isa = PBXFileReference; lastKnownFileType = folder.assetcatalog; path = Assets.xcassets; sourceTree = "<group>"; };
		CCF7C01420F59B2000E71431 /* Base */ = {isa = PBXFileReference; lastKnownFileType = file.storyboard; name = Base; path = Base.lproj/LaunchScreen.storyboard; sourceTree = "<group>"; };
		CCF7C01620F59B2000E71431 /* Info.plist */ = {isa = PBXFileReference; lastKnownFileType = text.plist.xml; path = Info.plist; sourceTree = "<group>"; };
		CCF7C01C20F744F900E71431 /* Item.swift */ = {isa = PBXFileReference; lastKnownFileType = sourcecode.swift; path = Item.swift; sourceTree = "<group>"; };
		CCF7C02320F756F700E71431 /* DataModel.xcdatamodel */ = {isa = PBXFileReference; lastKnownFileType = wrapper.xcdatamodel; path = DataModel.xcdatamodel; sourceTree = "<group>"; };
		CCF7C04620F7781700E71431 /* CategoryViewController.swift */ = {isa = PBXFileReference; lastKnownFileType = sourcecode.swift; path = CategoryViewController.swift; sourceTree = "<group>"; };
/* End PBXFileReference section */

/* Begin PBXFrameworksBuildPhase section */
		CCF7C00420F59B1F00E71431 /* Frameworks */ = {
			isa = PBXFrameworksBuildPhase;
			buildActionMask = 2147483647;
			files = (
			);
			runOnlyForDeploymentPostprocessing = 0;
		};
/* End PBXFrameworksBuildPhase section */

/* Begin PBXGroup section */
		CCF7BFFE20F59B1F00E71431 = {
			isa = PBXGroup;
			children = (
				CCF7C00920F59B1F00E71431 /* Todoey */,
				CCF7C00820F59B1F00E71431 /* Products */,
			);
			sourceTree = "<group>";
		};
		CCF7C00820F59B1F00E71431 /* Products */ = {
			isa = PBXGroup;
			children = (
				CCF7C00720F59B1F00E71431 /* Todoey.app */,
			);
			name = Products;
			sourceTree = "<group>";
		};
		CCF7C00920F59B1F00E71431 /* Todoey */ = {
			isa = PBXGroup;
			children = (
				CCF7C00A20F59B1F00E71431 /* AppDelegate.swift */,
				CCF7C01F20F7450C00E71431 /* Controllers */,
				CCF7C01E20F7450000E71431 /* Data Model */,
				CCF7C02020F7452E00E71431 /* Views */,
				CCF7C02120F7454500E71431 /* Supporting Files */,
				CCF7C01620F59B2000E71431 /* Info.plist */,
			);
			path = Todoey;
			sourceTree = "<group>";
		};
		CCF7C01E20F7450000E71431 /* Data Model */ = {
			isa = PBXGroup;
			children = (
				CCF7C02220F756F700E71431 /* DataModel.xcdatamodeld */,
				CCF7C01C20F744F900E71431 /* Item.swift */,
			);
			path = "Data Model";
			sourceTree = "<group>";
		};
		CCF7C01F20F7450C00E71431 /* Controllers */ = {
			isa = PBXGroup;
			children = (
				CCF7C04620F7781700E71431 /* CategoryViewController.swift */,
				CCF7C00C20F59B1F00E71431 /* TodoListViewController.swift */,
			);
			path = Controllers;
			sourceTree = "<group>";
		};
		CCF7C02020F7452E00E71431 /* Views */ = {
			isa = PBXGroup;
			children = (
				CCF7C00E20F59B1F00E71431 /* Main.storyboard */,
			);
			path = Views;
			sourceTree = "<group>";
		};
		CCF7C02120F7454500E71431 /* Supporting Files */ = {
			isa = PBXGroup;
			children = (
				CCF7C01120F59B2000E71431 /* Assets.xcassets */,
				CCF7C01320F59B2000E71431 /* LaunchScreen.storyboard */,
			);
			path = "Supporting Files";
			sourceTree = "<group>";
		};
/* End PBXGroup section */

/* Begin PBXNativeTarget section */
		CCF7C00620F59B1F00E71431 /* Todoey */ = {
			isa = PBXNativeTarget;
			buildConfigurationList = CCF7C01920F59B2000E71431 /* Build configuration list for PBXNativeTarget "Todoey" */;
			buildPhases = (
				CCF7C00320F59B1F00E71431 /* Sources */,
				CCF7C00420F59B1F00E71431 /* Frameworks */,
				CCF7C00520F59B1F00E71431 /* Resources */,
			);
			buildRules = (
			);
			dependencies = (
			);
			name = Todoey;
			productName = Todoey;
			productReference = CCF7C00720F59B1F00E71431 /* Todoey.app */;
			productType = "com.apple.product-type.application";
		};
/* End PBXNativeTarget section */

/* Begin PBXProject section */
		CCF7BFFF20F59B1F00E71431 /* Project object */ = {
			isa = PBXProject;
			attributes = {
				LastSwiftUpdateCheck = 0940;
				LastUpgradeCheck = 0940;
				ORGANIZATIONNAME = "Alvin Moradi";
				TargetAttributes = {
					CCF7C00620F59B1F00E71431 = {
						CreatedOnToolsVersion = 9.4.1;
					};
				};
			};
			buildConfigurationList = CCF7C00220F59B1F00E71431 /* Build configuration list for PBXProject "Todoey" */;
			compatibilityVersion = "Xcode 9.3";
			developmentRegion = en;
			hasScannedForEncodings = 0;
			knownRegions = (
				en,
				Base,
			);
			mainGroup = CCF7BFFE20F59B1F00E71431;
			productRefGroup = CCF7C00820F59B1F00E71431 /* Products */;
			projectDirPath = "";
			projectRoot = "";
			targets = (
				CCF7C00620F59B1F00E71431 /* Todoey */,
			);
		};
/* End PBXProject section */

/* Begin PBXResourcesBuildPhase section */
		CCF7C00520F59B1F00E71431 /* Resources */ = {
			isa = PBXResourcesBuildPhase;
			buildActionMask = 2147483647;
			files = (
				CCF7C01520F59B2000E71431 /* LaunchScreen.storyboard in Resources */,
				CCF7C01220F59B2000E71431 /* Assets.xcassets in Resources */,
				CCF7C01020F59B1F00E71431 /* Main.storyboard in Resources */,
			);
			runOnlyForDeploymentPostprocessing = 0;
		};
/* End PBXResourcesBuildPhase section */

/* Begin PBXSourcesBuildPhase section */
		CCF7C00320F59B1F00E71431 /* Sources */ = {
			isa = PBXSourcesBuildPhase;
			buildActionMask = 2147483647;
			files = (
				CCF7C04720F7781700E71431 /* CategoryViewController.swift in Sources */,
				CCF7C00D20F59B1F00E71431 /* TodoListViewController.swift in Sources */,
				CCF7C02420F756F700E71431 /* DataModel.xcdatamodeld in Sources */,
				CCF7C01D20F744F900E71431 /* Item.swift in Sources */,
				CCF7C00B20F59B1F00E71431 /* AppDelegate.swift in Sources */,
			);
			runOnlyForDeploymentPostprocessing = 0;
		};
/* End PBXSourcesBuildPhase section */

/* Begin PBXVariantGroup section */
		CCF7C00E20F59B1F00E71431 /* Main.storyboard */ = {
			isa = PBXVariantGroup;
			children = (
				CCF7C00F20F59B1F00E71431 /* Base */,
			);
			name = Main.storyboard;
			sourceTree = "<group>";
		};
		CCF7C01320F59B2000E71431 /* LaunchScreen.storyboard */ = {
			isa = PBXVariantGroup;
			children = (
				CCF7C01420F59B2000E71431 /* Base */,
			);
			name = LaunchScreen.storyboard;
			sourceTree = "<group>";
		};
/* End PBXVariantGroup section */

/* Begin XCBuildConfiguration section */
		CCF7C01720F59B2000E71431 /* Debug */ = {
			isa = XCBuildConfiguration;
			buildSettings = {
				ALWAYS_SEARCH_USER_PATHS = NO;
				CLANG_ANALYZER_NONNULL = YES;
				CLANG_ANALYZER_NUMBER_OBJECT_CONVERSION = YES_AGGRESSIVE;
				CLANG_CXX_LANGUAGE_STANDARD = "gnu++14";
				CLANG_CXX_LIBRARY = "libc++";
				CLANG_ENABLE_MODULES = YES;
				CLANG_ENABLE_OBJC_ARC = YES;
				CLANG_ENABLE_OBJC_WEAK = YES;
				CLANG_WARN_BLOCK_CAPTURE_AUTORELEASING = YES;
				CLANG_WARN_BOOL_CONVERSION = YES;
				CLANG_WARN_COMMA = YES;
				CLANG_WARN_CONSTANT_CONVERSION = YES;
				CLANG_WARN_DEPRECATED_OBJC_IMPLEMENTATIONS = YES;
				CLANG_WARN_DIRECT_OBJC_ISA_USAGE = YES_ERROR;
				CLANG_WARN_DOCUMENTATION_COMMENTS = YES;
				CLANG_WARN_EMPTY_BODY = YES;
				CLANG_WARN_ENUM_CONVERSION = YES;
				CLANG_WARN_INFINITE_RECURSION = YES;
				CLANG_WARN_INT_CONVERSION = YES;
				CLANG_WARN_NON_LITERAL_NULL_CONVERSION = YES;
				CLANG_WARN_OBJC_IMPLICIT_RETAIN_SELF = YES;
				CLANG_WARN_OBJC_LITERAL_CONVERSION = YES;
				CLANG_WARN_OBJC_ROOT_CLASS = YES_ERROR;
				CLANG_WARN_RANGE_LOOP_ANALYSIS = YES;
				CLANG_WARN_STRICT_PROTOTYPES = YES;
				CLANG_WARN_SUSPICIOUS_MOVE = YES;
				CLANG_WARN_UNGUARDED_AVAILABILITY = YES_AGGRESSIVE;
				CLANG_WARN_UNREACHABLE_CODE = YES;
				CLANG_WARN__DUPLICATE_METHOD_MATCH = YES;
				CODE_SIGN_IDENTITY = "iPhone Developer";
				COPY_PHASE_STRIP = NO;
				DEBUG_INFORMATION_FORMAT = dwarf;
				ENABLE_STRICT_OBJC_MSGSEND = YES;
				ENABLE_TESTABILITY = YES;
				GCC_C_LANGUAGE_STANDARD = gnu11;
				GCC_DYNAMIC_NO_PIC = NO;
				GCC_NO_COMMON_BLOCKS = YES;
				GCC_OPTIMIZATION_LEVEL = 0;
				GCC_PREPROCESSOR_DEFINITIONS = (
					"DEBUG=1",
					"$(inherited)",
				);
				GCC_WARN_64_TO_32_BIT_CONVERSION = YES;
				GCC_WARN_ABOUT_RETURN_TYPE = YES_ERROR;
				GCC_WARN_UNDECLARED_SELECTOR = YES;
				GCC_WARN_UNINITIALIZED_AUTOS = YES_AGGRESSIVE;
				GCC_WARN_UNUSED_FUNCTION = YES;
				GCC_WARN_UNUSED_VARIABLE = YES;
				IPHONEOS_DEPLOYMENT_TARGET = 11.4;
				MTL_ENABLE_DEBUG_INFO = YES;
				ONLY_ACTIVE_ARCH = YES;
				SDKROOT = iphoneos;
				SWIFT_ACTIVE_COMPILATION_CONDITIONS = DEBUG;
				SWIFT_OPTIMIZATION_LEVEL = "-Onone";
			};
			name = Debug;
		};
		CCF7C01820F59B2000E71431 /* Release */ = {
			isa = XCBuildConfiguration;
			buildSettings = {
				ALWAYS_SEARCH_USER_PATHS = NO;
				CLANG_ANALYZER_NONNULL = YES;
				CLANG_ANALYZER_NUMBER_OBJECT_CONVERSION = YES_AGGRESSIVE;
				CLANG_CXX_LANGUAGE_STANDARD = "gnu++14";
				CLANG_CXX_LIBRARY = "libc++";
				CLANG_ENABLE_MODULES = YES;
				CLANG_ENABLE_OBJC_ARC = YES;
				CLANG_ENABLE_OBJC_WEAK = YES;
				CLANG_WARN_BLOCK_CAPTURE_AUTORELEASING = YES;
				CLANG_WARN_BOOL_CONVERSION = YES;
				CLANG_WARN_COMMA = YES;
				CLANG_WARN_CONSTANT_CONVERSION = YES;
				CLANG_WARN_DEPRECATED_OBJC_IMPLEMENTATIONS = YES;
				CLANG_WARN_DIRECT_OBJC_ISA_USAGE = YES_ERROR;
				CLANG_WARN_DOCUMENTATION_COMMENTS = YES;
				CLANG_WARN_EMPTY_BODY = YES;
				CLANG_WARN_ENUM_CONVERSION = YES;
				CLANG_WARN_INFINITE_RECURSION = YES;
				CLANG_WARN_INT_CONVERSION = YES;
				CLANG_WARN_NON_LITERAL_NULL_CONVERSION = YES;
				CLANG_WARN_OBJC_IMPLICIT_RETAIN_SELF = YES;
				CLANG_WARN_OBJC_LITERAL_CONVERSION = YES;
				CLANG_WARN_OBJC_ROOT_CLASS = YES_ERROR;
				CLANG_WARN_RANGE_LOOP_ANALYSIS = YES;
				CLANG_WARN_STRICT_PROTOTYPES = YES;
				CLANG_WARN_SUSPICIOUS_MOVE = YES;
				CLANG_WARN_UNGUARDED_AVAILABILITY = YES_AGGRESSIVE;
				CLANG_WARN_UNREACHABLE_CODE = YES;
				CLANG_WARN__DUPLICATE_METHOD_MATCH = YES;
				CODE_SIGN_IDENTITY = "iPhone Developer";
				COPY_PHASE_STRIP = NO;
				DEBUG_INFORMATION_FORMAT = "dwarf-with-dsym";
				ENABLE_NS_ASSERTIONS = NO;
				ENABLE_STRICT_OBJC_MSGSEND = YES;
				GCC_C_LANGUAGE_STANDARD = gnu11;
				GCC_NO_COMMON_BLOCKS = YES;
				GCC_WARN_64_TO_32_BIT_CONVERSION = YES;
				GCC_WARN_ABOUT_RETURN_TYPE = YES_ERROR;
				GCC_WARN_UNDECLARED_SELECTOR = YES;
				GCC_WARN_UNINITIALIZED_AUTOS = YES_AGGRESSIVE;
				GCC_WARN_UNUSED_FUNCTION = YES;
				GCC_WARN_UNUSED_VARIABLE = YES;
				IPHONEOS_DEPLOYMENT_TARGET = 11.4;
				MTL_ENABLE_DEBUG_INFO = NO;
				SDKROOT = iphoneos;
				SWIFT_COMPILATION_MODE = wholemodule;
				SWIFT_OPTIMIZATION_LEVEL = "-O";
				VALIDATE_PRODUCT = YES;
			};
			name = Release;
		};
		CCF7C01A20F59B2000E71431 /* Debug */ = {
			isa = XCBuildConfiguration;
			buildSettings = {
				ASSETCATALOG_COMPILER_APPICON_NAME = AppIcon;
				CODE_SIGN_STYLE = Automatic;
				INFOPLIST_FILE = Todoey/Info.plist;
				LD_RUNPATH_SEARCH_PATHS = (
					"$(inherited)",
					"@executable_path/Frameworks",
				);
				PRODUCT_BUNDLE_IDENTIFIER = com.alvinmoradi.Todoey;
				PRODUCT_NAME = "$(TARGET_NAME)";
				SWIFT_VERSION = 4.0;
				TARGETED_DEVICE_FAMILY = "1,2";
			};
			name = Debug;
		};
		CCF7C01B20F59B2000E71431 /* Release */ = {
			isa = XCBuildConfiguration;
			buildSettings = {
				ASSETCATALOG_COMPILER_APPICON_NAME = AppIcon;
				CODE_SIGN_STYLE = Automatic;
				INFOPLIST_FILE = Todoey/Info.plist;
				LD_RUNPATH_SEARCH_PATHS = (
					"$(inherited)",
					"@executable_path/Frameworks",
				);
				PRODUCT_BUNDLE_IDENTIFIER = com.alvinmoradi.Todoey;
				PRODUCT_NAME = "$(TARGET_NAME)";
				SWIFT_VERSION = 4.0;
				TARGETED_DEVICE_FAMILY = "1,2";
			};
			name = Release;
		};
/* End XCBuildConfiguration section */

/* Begin XCConfigurationList section */
		CCF7C00220F59B1F00E71431 /* Build configuration list for PBXProject "Todoey" */ = {
			isa = XCConfigurationList;
			buildConfigurations = (
				CCF7C01720F59B2000E71431 /* Debug */,
				CCF7C01820F59B2000E71431 /* Release */,
			);
			defaultConfigurationIsVisible = 0;
			defaultConfigurationName = Release;
		};
		CCF7C01920F59B2000E71431 /* Build configuration list for PBXNativeTarget "Todoey" */ = {
			isa = XCConfigurationList;
			buildConfigurations = (
				CCF7C01A20F59B2000E71431 /* Debug */,
				CCF7C01B20F59B2000E71431 /* Release */,
			);
			defaultConfigurationIsVisible = 0;
			defaultConfigurationName = Release;
		};
/* End XCConfigurationList section */

/* Begin XCVersionGroup section */
		CCF7C02220F756F700E71431 /* DataModel.xcdatamodeld */ = {
			isa = XCVersionGroup;
			children = (
				CCF7C02320F756F700E71431 /* DataModel.xcdatamodel */,
			);
			currentVersion = CCF7C02320F756F700E71431 /* DataModel.xcdatamodel */;
			path = DataModel.xcdatamodeld;
			sourceTree = "<group>";
			versionGroupType = wrapper.xcdatamodel;
		};
/* End XCVersionGroup section */
	};
	rootObject = CCF7BFFF20F59B1F00E71431 /* Project object */;
}
